{
    "_meta": {
        "hash": {
            "sha256": "a9e99679482fa191870abb12c047ce9c9ed2d6497dce7326bb65c143c327d262"
        },
        "host-environment-markers": {
            "implementation_name": "cpython",
            "implementation_version": "3.4.3",
            "os_name": "nt",
            "platform_machine": "x86",
            "platform_python_implementation": "CPython",
            "platform_release": "7",
            "platform_system": "Windows",
            "platform_version": "6.1.7601",
            "python_full_version": "3.4.3",
            "python_version": "3.4",
            "sys_platform": "win32"
        },
        "pipfile-spec": 6,
        "requires": {},
        "sources": [
            {
                "name": "pypi",
                "url": "https://pypi.python.org/simple",
                "verify_ssl": true
            }
        ]
    },
    "default": {
        "python-dateutil": {
            "hashes": [
                "sha256:95511bae634d69bc7329ba55e646499a842bc4ec342ad54a8cdb65645a0aad3c",
                "sha256:891c38b2a02f5bb1be3e4793866c8df49c7d19baabf9c1bad62547e0b4866aca"
            ],
            "version": "==2.6.1"
        },
        "six": {
            "hashes": [
                "sha256:832dc0e10feb1aa2c68dcc57dbb658f1c7e65b9b61af69048abc87a2db00a0eb",
                "sha256:70e8a77beed4562e7f14fe23a786b54f6296e34344c23bc42f07b15018ff98e9"
            ],
            "version": "==1.11.0"
        }
    },
    "develop": {}
}
